
Microsoft Visual Studio Solution File, Format Version 12.00
# Visual Studio Version 16
VisualStudioVersion = 16.0.29613.14
MinimumVisualStudioVersion = 10.0.40219.1
Project("{FAE04EC0-301F-11D3-BF4B-00C04F79EFBC}") = "Dyreklinik", "Dyreklinik\Dyreklinik.csproj", "{81CA6EB3-404E-45E4-972F-9DA98BED46F4}"
EndProject
Global
	GlobalSection(SolutionConfigurationPlatforms) = preSolution
		Debug|Any CPU = Debug|Any CPU
		Release|Any CPU = Release|Any CPU
	EndGlobalSection
	GlobalSection(ProjectConfigurationPlatforms) = postSolution
		{81CA6EB3-404E-45E4-972F-9DA98BED46F4}.Debug|Any CPU.ActiveCfg = Debug|Any CPU
		{81CA6EB3-404E-45E4-972F-9DA98BED46F4}.Debug|Any CPU.Build.0 = Debug|Any CPU
		{81CA6EB3-404E-45E4-972F-9DA98BED46F4}.Release|Any CPU.ActiveCfg = Release|Any CPU
		{81CA6EB3-404E-45E4-972F-9DA98BED46F4}.Release|Any CPU.Build.0 = Release|Any CPU
	EndGlobalSection
	GlobalSection(SolutionProperties) = preSolution
		HideSolutionNode = FALSE
	EndGlobalSection
	GlobalSection(ExtensibilityGlobals) = postSolution
		SolutionGuid = {38AFC1F4-0328-4269-B41E-2B6BF556C9B8}
	EndGlobalSection
EndGlobal
